// !$*UTF8*$!
{
	archiveVersion = 1;
	classes = {
	};
	objectVersion = 46;
	objects = {

/* Begin PBXBuildFile section */
		6A08E4A71BF638D100F7A287 /* Comemoracao.sks in Resources */ = {isa = PBXBuildFile; fileRef = 6A08E4A61BF638D100F7A287 /* Comemoracao.sks */; };
		6A1686CB1BC1C03900585972 /* Bolas.swift in Sources */ = {isa = PBXBuildFile; fileRef = 6A1686CA1BC1C03900585972 /* Bolas.swift */; };
		6A1686DB1BC716E400585972 /* video5.mp4 in Resources */ = {isa = PBXBuildFile; fileRef = 6A1686D61BC716E400585972 /* video5.mp4 */; };
		6A1686DC1BC716E400585972 /* video4.mp4 in Resources */ = {isa = PBXBuildFile; fileRef = 6A1686D71BC716E400585972 /* video4.mp4 */; };
		6A1686DD1BC716E400585972 /* video3.mp4 in Resources */ = {isa = PBXBuildFile; fileRef = 6A1686D81BC716E400585972 /* video3.mp4 */; };
		6A1686DE1BC716E400585972 /* video2.mp4 in Resources */ = {isa = PBXBuildFile; fileRef = 6A1686D91BC716E400585972 /* video2.mp4 */; };
		6A1686DF1BC716E400585972 /* video1.mp4 in Resources */ = {isa = PBXBuildFile; fileRef = 6A1686DA1BC716E400585972 /* video1.mp4 */; };
		6A1686EF1BD4447B00585972 /* Exercicio19.m4a in Resources */ = {isa = PBXBuildFile; fileRef = 6A1686E01BD4447A00585972 /* Exercicio19.m4a */; };
		6A1686F01BD4447B00585972 /* Exercicio18.m4a in Resources */ = {isa = PBXBuildFile; fileRef = 6A1686E11BD4447A00585972 /* Exercicio18.m4a */; };
		6A1686F11BD4447B00585972 /* Exercicio17.m4a in Resources */ = {isa = PBXBuildFile; fileRef = 6A1686E21BD4447A00585972 /* Exercicio17.m4a */; };
		6A1686F21BD4447B00585972 /* Exercicio16.m4a in Resources */ = {isa = PBXBuildFile; fileRef = 6A1686E31BD4447A00585972 /* Exercicio16.m4a */; };
		6A1686F31BD4447B00585972 /* Exercicio15.m4a in Resources */ = {isa = PBXBuildFile; fileRef = 6A1686E41BD4447A00585972 /* Exercicio15.m4a */; };
		6A1686F41BD4447B00585972 /* Exercicio14.m4a in Resources */ = {isa = PBXBuildFile; fileRef = 6A1686E51BD4447A00585972 /* Exercicio14.m4a */; };
		6A1686F51BD4447B00585972 /* Exercicio13.m4a in Resources */ = {isa = PBXBuildFile; fileRef = 6A1686E61BD4447A00585972 /* Exercicio13.m4a */; };
		6A1686F61BD4447B00585972 /* Exercicio12.m4a in Resources */ = {isa = PBXBuildFile; fileRef = 6A1686E71BD4447A00585972 /* Exercicio12.m4a */; };
		6A1686F71BD4447B00585972 /* Exercicio11.m4a in Resources */ = {isa = PBXBuildFile; fileRef = 6A1686E81BD4447A00585972 /* Exercicio11.m4a */; };
		6A1686F81BD4447B00585972 /* Exercicio10.m4a in Resources */ = {isa = PBXBuildFile; fileRef = 6A1686E91BD4447A00585972 /* Exercicio10.m4a */; };
		6A1686F91BD4447B00585972 /* Exercicio9.m4a in Resources */ = {isa = PBXBuildFile; fileRef = 6A1686EA1BD4447A00585972 /* Exercicio9.m4a */; };
		6A1686FA1BD4447B00585972 /* Exercicio8.m4a in Resources */ = {isa = PBXBuildFile; fileRef = 6A1686EB1BD4447A00585972 /* Exercicio8.m4a */; };
		6A1686FB1BD4447B00585972 /* Exercicio7.m4a in Resources */ = {isa = PBXBuildFile; fileRef = 6A1686EC1BD4447A00585972 /* Exercicio7.m4a */; };
		6A1686FC1BD4447B00585972 /* Exercicio6.m4a in Resources */ = {isa = PBXBuildFile; fileRef = 6A1686ED1BD4447A00585972 /* Exercicio6.m4a */; };
		6A1686FD1BD4447B00585972 /* Exercicio5.m4a in Resources */ = {isa = PBXBuildFile; fileRef = 6A1686EE1BD4447A00585972 /* Exercicio5.m4a */; };
		6A48C07F1BF6332300600DF4 /* spark.png in Resources */ = {isa = PBXBuildFile; fileRef = 6A48C07D1BF6332300600DF4 /* spark.png */; };
		6A541A811B823DE10066B36C /* AppDelegate.swift in Sources */ = {isa = PBXBuildFile; fileRef = 6A541A801B823DE10066B36C /* AppDelegate.swift */; };
		6A541A831B823DE10066B36C /* GameScene.sks in Resources */ = {isa = PBXBuildFile; fileRef = 6A541A821B823DE10066B36C /* GameScene.sks */; };
		6A541A851B823DE10066B36C /* GameScene.swift in Sources */ = {isa = PBXBuildFile; fileRef = 6A541A841B823DE10066B36C /* GameScene.swift */; };
		6A541A871B823DE10066B36C /* GameViewController.swift in Sources */ = {isa = PBXBuildFile; fileRef = 6A541A861B823DE10066B36C /* GameViewController.swift */; };
		6A541A8A1B823DE10066B36C /* Main.storyboard in Resources */ = {isa = PBXBuildFile; fileRef = 6A541A881B823DE10066B36C /* Main.storyboard */; };
		6A541A8F1B823DE10066B36C /* LaunchScreen.xib in Resources */ = {isa = PBXBuildFile; fileRef = 6A541A8D1B823DE10066B36C /* LaunchScreen.xib */; };
		6A541A9B1B823DE10066B36C /* AppFinalTests.swift in Sources */ = {isa = PBXBuildFile; fileRef = 6A541A9A1B823DE10066B36C /* AppFinalTests.swift */; };
		6A541AA51B82564F0066B36C /* GameSceneEsconde.swift in Sources */ = {isa = PBXBuildFile; fileRef = 6A541AA41B82564F0066B36C /* GameSceneEsconde.swift */; };
		6A541AAB1B82738E0066B36C /* MenuJogo1.swift in Sources */ = {isa = PBXBuildFile; fileRef = 6A541AAA1B82738E0066B36C /* MenuJogo1.swift */; };
		6A541AB01B8275020066B36C /* GameScenePatinho.swift in Sources */ = {isa = PBXBuildFile; fileRef = 6A541AAF1B8275020066B36C /* GameScenePatinho.swift */; };
		6A6D69461B9F60D000A5BAD8 /* Exercicio3.m4a in Resources */ = {isa = PBXBuildFile; fileRef = 6A6D69451B9F60D000A5BAD8 /* Exercicio3.m4a */; };
		6A6D69481B9F61EE00A5BAD8 /* Exercicio4.m4a in Resources */ = {isa = PBXBuildFile; fileRef = 6A6D69471B9F61EE00A5BAD8 /* Exercicio4.m4a */; };
		6A7D251F1BAA0FF800C094BF /* PersonagemMenu.swift in Sources */ = {isa = PBXBuildFile; fileRef = 6A7D251E1BAA0FF800C094BF /* PersonagemMenu.swift */; };
		6AA4D4B71B98982100CC7C19 /* Exercicio2.m4a in Resources */ = {isa = PBXBuildFile; fileRef = 6AA4D4B61B98982100CC7C19 /* Exercicio2.m4a */; };
		6AAAB9B51C08B66E0017BFB4 /* MenuJogo2.swift in Sources */ = {isa = PBXBuildFile; fileRef = 6AAAB9B41C08B66E0017BFB4 /* MenuJogo2.swift */; };
		6AAAB9B71C08B67E0017BFB4 /* MenuJogo3.swift in Sources */ = {isa = PBXBuildFile; fileRef = 6AAAB9B61C08B67E0017BFB4 /* MenuJogo3.swift */; };
		6AAAB9BA1C08B68F0017BFB4 /* MenuJogo4.swift in Sources */ = {isa = PBXBuildFile; fileRef = 6AAAB9B91C08B68F0017BFB4 /* MenuJogo4.swift */; };
		6AC1342D1B8F4CBA00E6F6C6 /* Numero.swift in Sources */ = {isa = PBXBuildFile; fileRef = 6AC1342C1B8F4CBA00E6F6C6 /* Numero.swift */; };
		6AC134371B96175C00E6F6C6 /* teste.m4v in Resources */ = {isa = PBXBuildFile; fileRef = 6AC134311B8F544000E6F6C6 /* teste.m4v */; };
		6AC134391B96177F00E6F6C6 /* Exercicio1.m4a in Resources */ = {isa = PBXBuildFile; fileRef = 6AC134381B96177F00E6F6C6 /* Exercicio1.m4a */; };
		6AC1343B1B9618AF00E6F6C6 /* exercicios.json in Resources */ = {isa = PBXBuildFile; fileRef = 6AC1343A1B9618AF00E6F6C6 /* exercicios.json */; };
		6AC1343D1B9618F100E6F6C6 /* ExercicioJSON.swift in Sources */ = {isa = PBXBuildFile; fileRef = 6AC1343C1B9618F100E6F6C6 /* ExercicioJSON.swift */; };
		6AEB427B1BAC74200034FA31 /* Menu.m4a in Resources */ = {isa = PBXBuildFile; fileRef = 6AEB427A1BAC74200034FA31 /* Menu.m4a */; };
		6AEB427D1BAF0C500034FA31 /* Vegetais.swift in Sources */ = {isa = PBXBuildFile; fileRef = 6AEB427C1BAF0C500034FA31 /* Vegetais.swift */; };
		6AFE662A1BEB838C00D2910E /* Assets.xcassets in Resources */ = {isa = PBXBuildFile; fileRef = 6AFE66291BEB838C00D2910E /* Assets.xcassets */; };
		6AFE66331BED03BE00D2910E /* Teclado.swift in Sources */ = {isa = PBXBuildFile; fileRef = 6AFE66321BED03BE00D2910E /* Teclado.swift */; };
		6AFE66351BED049900D2910E /* Tecla.swift in Sources */ = {isa = PBXBuildFile; fileRef = 6AFE66341BED049900D2910E /* Tecla.swift */; };
		6AFE66371BED04AE00D2910E /* EstiloTeclado.swift in Sources */ = {isa = PBXBuildFile; fileRef = 6AFE66361BED04AE00D2910E /* EstiloTeclado.swift */; };
/* End PBXBuildFile section */

/* Begin PBXContainerItemProxy section */
		6A541A951B823DE10066B36C /* PBXContainerItemProxy */ = {
			isa = PBXContainerItemProxy;
			containerPortal = 6A541A731B823DE10066B36C /* Project object */;
			proxyType = 1;
			remoteGlobalIDString = 6A541A7A1B823DE10066B36C;
			remoteInfo = AppFinal;
		};
/* End PBXContainerItemProxy section */

/* Begin PBXFileReference section */
		6A08E4A61BF638D100F7A287 /* Comemoracao.sks */ = {isa = PBXFileReference; lastKnownFileType = file.sks; path = Comemoracao.sks; sourceTree = "<group>"; };
		6A1686CA1BC1C03900585972 /* Bolas.swift */ = {isa = PBXFileReference; fileEncoding = 4; lastKnownFileType = sourcecode.swift; path = Bolas.swift; sourceTree = "<group>"; };
		6A1686D61BC716E400585972 /* video5.mp4 */ = {isa = PBXFileReference; lastKnownFileType = file; name = video5.mp4; path = ../video5.mp4; sourceTree = "<group>"; };
		6A1686D71BC716E400585972 /* video4.mp4 */ = {isa = PBXFileReference; lastKnownFileType = file; name = video4.mp4; path = ../video4.mp4; sourceTree = "<group>"; };
		6A1686D81BC716E400585972 /* video3.mp4 */ = {isa = PBXFileReference; lastKnownFileType = file; name = video3.mp4; path = ../video3.mp4; sourceTree = "<group>"; };
		6A1686D91BC716E400585972 /* video2.mp4 */ = {isa = PBXFileReference; lastKnownFileType = file; name = video2.mp4; path = ../video2.mp4; sourceTree = "<group>"; };
		6A1686DA1BC716E400585972 /* video1.mp4 */ = {isa = PBXFileReference; lastKnownFileType = file; name = video1.mp4; path = ../video1.mp4; sourceTree = "<group>"; };
		6A1686E01BD4447A00585972 /* Exercicio19.m4a */ = {isa = PBXFileReference; lastKnownFileType = file; name = Exercicio19.m4a; path = ../Exercicio19.m4a; sourceTree = "<group>"; };
		6A1686E11BD4447A00585972 /* Exercicio18.m4a */ = {isa = PBXFileReference; lastKnownFileType = file; name = Exercicio18.m4a; path = ../Exercicio18.m4a; sourceTree = "<group>"; };
		6A1686E21BD4447A00585972 /* Exercicio17.m4a */ = {isa = PBXFileReference; lastKnownFileType = file; name = Exercicio17.m4a; path = ../Exercicio17.m4a; sourceTree = "<group>"; };
		6A1686E31BD4447A00585972 /* Exercicio16.m4a */ = {isa = PBXFileReference; lastKnownFileType = file; name = Exercicio16.m4a; path = ../Exercicio16.m4a; sourceTree = "<group>"; };
		6A1686E41BD4447A00585972 /* Exercicio15.m4a */ = {isa = PBXFileReference; lastKnownFileType = file; name = Exercicio15.m4a; path = ../Exercicio15.m4a; sourceTree = "<group>"; };
		6A1686E51BD4447A00585972 /* Exercicio14.m4a */ = {isa = PBXFileReference; lastKnownFileType = file; name = Exercicio14.m4a; path = ../Exercicio14.m4a; sourceTree = "<group>"; };
		6A1686E61BD4447A00585972 /* Exercicio13.m4a */ = {isa = PBXFileReference; lastKnownFileType = file; name = Exercicio13.m4a; path = ../Exercicio13.m4a; sourceTree = "<group>"; };
		6A1686E71BD4447A00585972 /* Exercicio12.m4a */ = {isa = PBXFileReference; lastKnownFileType = file; name = Exercicio12.m4a; path = ../Exercicio12.m4a; sourceTree = "<group>"; };
		6A1686E81BD4447A00585972 /* Exercicio11.m4a */ = {isa = PBXFileReference; lastKnownFileType = file; name = Exercicio11.m4a; path = ../Exercicio11.m4a; sourceTree = "<group>"; };
		6A1686E91BD4447A00585972 /* Exercicio10.m4a */ = {isa = PBXFileReference; lastKnownFileType = file; name = Exercicio10.m4a; path = ../Exercicio10.m4a; sourceTree = "<group>"; };
		6A1686EA1BD4447A00585972 /* Exercicio9.m4a */ = {isa = PBXFileReference; lastKnownFileType = file; name = Exercicio9.m4a; path = ../Exercicio9.m4a; sourceTree = "<group>"; };
		6A1686EB1BD4447A00585972 /* Exercicio8.m4a */ = {isa = PBXFileReference; lastKnownFileType = file; name = Exercicio8.m4a; path = ../Exercicio8.m4a; sourceTree = "<group>"; };
		6A1686EC1BD4447A00585972 /* Exercicio7.m4a */ = {isa = PBXFileReference; lastKnownFileType = file; name = Exercicio7.m4a; path = ../Exercicio7.m4a; sourceTree = "<group>"; };
		6A1686ED1BD4447A00585972 /* Exercicio6.m4a */ = {isa = PBXFileReference; lastKnownFileType = file; name = Exercicio6.m4a; path = ../Exercicio6.m4a; sourceTree = "<group>"; };
		6A1686EE1BD4447A00585972 /* Exercicio5.m4a */ = {isa = PBXFileReference; lastKnownFileType = file; name = Exercicio5.m4a; path = ../Exercicio5.m4a; sourceTree = "<group>"; };
		6A48C07D1BF6332300600DF4 /* spark.png */ = {isa = PBXFileReference; lastKnownFileType = image.png; path = spark.png; sourceTree = "<group>"; };
		6A541A7B1B823DE10066B36C /* AppFinal.app */ = {isa = PBXFileReference; explicitFileType = wrapper.application; includeInIndex = 0; path = AppFinal.app; sourceTree = BUILT_PRODUCTS_DIR; };
		6A541A7F1B823DE10066B36C /* Info.plist */ = {isa = PBXFileReference; lastKnownFileType = text.plist.xml; path = Info.plist; sourceTree = "<group>"; };
		6A541A801B823DE10066B36C /* AppDelegate.swift */ = {isa = PBXFileReference; lastKnownFileType = sourcecode.swift; path = AppDelegate.swift; sourceTree = "<group>"; };
		6A541A821B823DE10066B36C /* GameScene.sks */ = {isa = PBXFileReference; lastKnownFileType = file.sks; path = GameScene.sks; sourceTree = "<group>"; };
		6A541A841B823DE10066B36C /* GameScene.swift */ = {isa = PBXFileReference; lastKnownFileType = sourcecode.swift; path = GameScene.swift; sourceTree = "<group>"; };
		6A541A861B823DE10066B36C /* GameViewController.swift */ = {isa = PBXFileReference; lastKnownFileType = sourcecode.swift; path = GameViewController.swift; sourceTree = "<group>"; };
		6A541A891B823DE10066B36C /* Base */ = {isa = PBXFileReference; lastKnownFileType = file.storyboard; name = Base; path = Base.lproj/Main.storyboard; sourceTree = "<group>"; };
		6A541A8E1B823DE10066B36C /* Base */ = {isa = PBXFileReference; lastKnownFileType = file.xib; name = Base; path = Base.lproj/LaunchScreen.xib; sourceTree = "<group>"; };
		6A541A941B823DE10066B36C /* AppFinalTests.xctest */ = {isa = PBXFileReference; explicitFileType = wrapper.cfbundle; includeInIndex = 0; path = AppFinalTests.xctest; sourceTree = BUILT_PRODUCTS_DIR; };
		6A541A991B823DE10066B36C /* Info.plist */ = {isa = PBXFileReference; lastKnownFileType = text.plist.xml; path = Info.plist; sourceTree = "<group>"; };
		6A541A9A1B823DE10066B36C /* AppFinalTests.swift */ = {isa = PBXFileReference; lastKnownFileType = sourcecode.swift; path = AppFinalTests.swift; sourceTree = "<group>"; };
		6A541AA41B82564F0066B36C /* GameSceneEsconde.swift */ = {isa = PBXFileReference; fileEncoding = 4; lastKnownFileType = sourcecode.swift; name = GameSceneEsconde.swift; path = ../GameSceneEsconde.swift; sourceTree = "<group>"; };
		6A541AAA1B82738E0066B36C /* MenuJogo1.swift */ = {isa = PBXFileReference; fileEncoding = 4; lastKnownFileType = sourcecode.swift; path = MenuJogo1.swift; sourceTree = "<group>"; };
		6A541AAF1B8275020066B36C /* GameScenePatinho.swift */ = {isa = PBXFileReference; fileEncoding = 4; lastKnownFileType = sourcecode.swift; path = GameScenePatinho.swift; sourceTree = "<group>"; };
		6A6D69411B9DD67200A5BAD8 /* AppFinal-Bridging-Header.h */ = {isa = PBXFileReference; lastKnownFileType = sourcecode.c.h; path = "AppFinal-Bridging-Header.h"; sourceTree = "<group>"; };
		6A6D69451B9F60D000A5BAD8 /* Exercicio3.m4a */ = {isa = PBXFileReference; lastKnownFileType = file; name = Exercicio3.m4a; path = ../Exercicio3.m4a; sourceTree = "<group>"; };
		6A6D69471B9F61EE00A5BAD8 /* Exercicio4.m4a */ = {isa = PBXFileReference; lastKnownFileType = file; name = Exercicio4.m4a; path = ../Exercicio4.m4a; sourceTree = "<group>"; };
		6A7D251E1BAA0FF800C094BF /* PersonagemMenu.swift */ = {isa = PBXFileReference; fileEncoding = 4; lastKnownFileType = sourcecode.swift; path = PersonagemMenu.swift; sourceTree = "<group>"; };
		6AA4D4B61B98982100CC7C19 /* Exercicio2.m4a */ = {isa = PBXFileReference; lastKnownFileType = file; name = Exercicio2.m4a; path = ../Exercicio2.m4a; sourceTree = "<group>"; };
		6AAAB9B41C08B66E0017BFB4 /* MenuJogo2.swift */ = {isa = PBXFileReference; fileEncoding = 4; lastKnownFileType = sourcecode.swift; path = MenuJogo2.swift; sourceTree = "<group>"; };
		6AAAB9B61C08B67E0017BFB4 /* MenuJogo3.swift */ = {isa = PBXFileReference; fileEncoding = 4; lastKnownFileType = sourcecode.swift; path = MenuJogo3.swift; sourceTree = "<group>"; };
		6AAAB9B91C08B68F0017BFB4 /* MenuJogo4.swift */ = {isa = PBXFileReference; fileEncoding = 4; lastKnownFileType = sourcecode.swift; path = MenuJogo4.swift; sourceTree = "<group>"; };
		6AC1342C1B8F4CBA00E6F6C6 /* Numero.swift */ = {isa = PBXFileReference; fileEncoding = 4; lastKnownFileType = sourcecode.swift; name = Numero.swift; path = ../Numero.swift; sourceTree = "<group>"; };
		6AC134311B8F544000E6F6C6 /* teste.m4v */ = {isa = PBXFileReference; lastKnownFileType = file; name = teste.m4v; path = ../teste.m4v; sourceTree = "<group>"; };
		6AC134381B96177F00E6F6C6 /* Exercicio1.m4a */ = {isa = PBXFileReference; lastKnownFileType = file; name = Exercicio1.m4a; path = ../Exercicio1.m4a; sourceTree = "<group>"; };
		6AC1343A1B9618AF00E6F6C6 /* exercicios.json */ = {isa = PBXFileReference; lastKnownFileType = text.json; name = exercicios.json; path = ../exercicios.json; sourceTree = "<group>"; };
		6AC1343C1B9618F100E6F6C6 /* ExercicioJSON.swift */ = {isa = PBXFileReference; fileEncoding = 4; lastKnownFileType = sourcecode.swift; path = ExercicioJSON.swift; sourceTree = "<group>"; };
		6AEB427A1BAC74200034FA31 /* Menu.m4a */ = {isa = PBXFileReference; lastKnownFileType = file; name = Menu.m4a; path = ../Menu.m4a; sourceTree = "<group>"; };
		6AEB427C1BAF0C500034FA31 /* Vegetais.swift */ = {isa = PBXFileReference; fileEncoding = 4; lastKnownFileType = sourcecode.swift; path = Vegetais.swift; sourceTree = "<group>"; };
		6AFE66291BEB838C00D2910E /* Assets.xcassets */ = {isa = PBXFileReference; lastKnownFileType = folder.assetcatalog; path = Assets.xcassets; sourceTree = "<group>"; };
		6AFE66321BED03BE00D2910E /* Teclado.swift */ = {isa = PBXFileReference; fileEncoding = 4; lastKnownFileType = sourcecode.swift; path = Teclado.swift; sourceTree = "<group>"; };
		6AFE66341BED049900D2910E /* Tecla.swift */ = {isa = PBXFileReference; fileEncoding = 4; lastKnownFileType = sourcecode.swift; path = Tecla.swift; sourceTree = "<group>"; };
		6AFE66361BED04AE00D2910E /* EstiloTeclado.swift */ = {isa = PBXFileReference; fileEncoding = 4; lastKnownFileType = sourcecode.swift; path = EstiloTeclado.swift; sourceTree = "<group>"; };
/* End PBXFileReference section */

/* Begin PBXFrameworksBuildPhase section */
		6A541A781B823DE10066B36C /* Frameworks */ = {
			isa = PBXFrameworksBuildPhase;
			buildActionMask = 2147483647;
			files = (
			);
			runOnlyForDeploymentPostprocessing = 0;
		};
		6A541A911B823DE10066B36C /* Frameworks */ = {
			isa = PBXFrameworksBuildPhase;
			buildActionMask = 2147483647;
			files = (
			);
			runOnlyForDeploymentPostprocessing = 0;
		};
/* End PBXFrameworksBuildPhase section */

/* Begin PBXGroup section */
		6A541A721B823DE10066B36C = {
			isa = PBXGroup;
			children = (
				6A08E4A61BF638D100F7A287 /* Comemoracao.sks */,
				6A48C07D1BF6332300600DF4 /* spark.png */,
				6A541A7D1B823DE10066B36C /* AppFinal */,
				6A541A971B823DE10066B36C /* AppFinalTests */,
				6A541A7C1B823DE10066B36C /* Products */,
				6A6D69411B9DD67200A5BAD8 /* AppFinal-Bridging-Header.h */,
			);
			sourceTree = "<group>";
		};
		6A541A7C1B823DE10066B36C /* Products */ = {
			isa = PBXGroup;
			children = (
				6A541A7B1B823DE10066B36C /* AppFinal.app */,
				6A541A941B823DE10066B36C /* AppFinalTests.xctest */,
			);
			name = Products;
			sourceTree = "<group>";
		};
		6A541A7D1B823DE10066B36C /* AppFinal */ = {
			isa = PBXGroup;
			children = (
				6AC1343E1B9618F900E6F6C6 /* Exercicio */,
				6AC134301B8F541800E6F6C6 /* Audios */,
				6AC1342F1B8F541000E6F6C6 /* Videos */,
				6AFE66311BED03A200D2910E /* View */,
				6AC1342E1B8F4D6100E6F6C6 /* Classes */,
				6A541AA91B8256B20066B36C /* GameViewController */,
				6A541AA61B82565A0066B36C /* Game_Scene */,
				6A541A801B823DE10066B36C /* AppDelegate.swift */,
				6A541A821B823DE10066B36C /* GameScene.sks */,
				6A541A881B823DE10066B36C /* Main.storyboard */,
				6AFE66291BEB838C00D2910E /* Assets.xcassets */,
				6A541A8D1B823DE10066B36C /* LaunchScreen.xib */,
				6A541A7E1B823DE10066B36C /* Supporting Files */,
			);
			path = AppFinal;
			sourceTree = "<group>";
		};
		6A541A7E1B823DE10066B36C /* Supporting Files */ = {
			isa = PBXGroup;
			children = (
				6A541A7F1B823DE10066B36C /* Info.plist */,
			);
			name = "Supporting Files";
			sourceTree = "<group>";
		};
		6A541A971B823DE10066B36C /* AppFinalTests */ = {
			isa = PBXGroup;
			children = (
				6A541A9A1B823DE10066B36C /* AppFinalTests.swift */,
				6A541A981B823DE10066B36C /* Supporting Files */,
			);
			path = AppFinalTests;
			sourceTree = "<group>";
		};
		6A541A981B823DE10066B36C /* Supporting Files */ = {
			isa = PBXGroup;
			children = (
				6A541A991B823DE10066B36C /* Info.plist */,
			);
			name = "Supporting Files";
			sourceTree = "<group>";
		};
		6A541AA61B82565A0066B36C /* Game_Scene */ = {
			isa = PBXGroup;
			children = (
				6A541A841B823DE10066B36C /* GameScene.swift */,
				6A541AA41B82564F0066B36C /* GameSceneEsconde.swift */,
				6A541AAF1B8275020066B36C /* GameScenePatinho.swift */,
				6A541AAA1B82738E0066B36C /* MenuJogo1.swift */,
				6AAAB9B41C08B66E0017BFB4 /* MenuJogo2.swift */,
				6AAAB9B61C08B67E0017BFB4 /* MenuJogo3.swift */,
				6AAAB9B91C08B68F0017BFB4 /* MenuJogo4.swift */,
			);
			name = Game_Scene;
			sourceTree = "<group>";
		};
		6A541AA91B8256B20066B36C /* GameViewController */ = {
			isa = PBXGroup;
			children = (
				6A541A861B823DE10066B36C /* GameViewController.swift */,
			);
			name = GameViewController;
			sourceTree = "<group>";
		};
		6AC1342E1B8F4D6100E6F6C6 /* Classes */ = {
			isa = PBXGroup;
			children = (
				6AC1342C1B8F4CBA00E6F6C6 /* Numero.swift */,
				6A7D251E1BAA0FF800C094BF /* PersonagemMenu.swift */,
				6AEB427C1BAF0C500034FA31 /* Vegetais.swift */,
				6A1686CA1BC1C03900585972 /* Bolas.swift */,
			);
			name = Classes;
			sourceTree = "<group>";
		};
		6AC1342F1B8F541000E6F6C6 /* Videos */ = {
			isa = PBXGroup;
			children = (
				6A1686D61BC716E400585972 /* video5.mp4 */,
				6A1686D71BC716E400585972 /* video4.mp4 */,
				6A1686D81BC716E400585972 /* video3.mp4 */,
				6A1686D91BC716E400585972 /* video2.mp4 */,
				6A1686DA1BC716E400585972 /* video1.mp4 */,
				6AC134311B8F544000E6F6C6 /* teste.m4v */,
			);
			name = Videos;
			sourceTree = "<group>";
		};
		6AC134301B8F541800E6F6C6 /* Audios */ = {
			isa = PBXGroup;
			children = (
				6AEB427A1BAC74200034FA31 /* Menu.m4a */,
				6AC134381B96177F00E6F6C6 /* Exercicio1.m4a */,
				6AA4D4B61B98982100CC7C19 /* Exercicio2.m4a */,
				6A6D69451B9F60D000A5BAD8 /* Exercicio3.m4a */,
				6A6D69471B9F61EE00A5BAD8 /* Exercicio4.m4a */,
				6A1686E01BD4447A00585972 /* Exercicio19.m4a */,
				6A1686E11BD4447A00585972 /* Exercicio18.m4a */,
				6A1686E21BD4447A00585972 /* Exercicio17.m4a */,
				6A1686E31BD4447A00585972 /* Exercicio16.m4a */,
				6A1686E41BD4447A00585972 /* Exercicio15.m4a */,
				6A1686E51BD4447A00585972 /* Exercicio14.m4a */,
				6A1686E61BD4447A00585972 /* Exercicio13.m4a */,
				6A1686E71BD4447A00585972 /* Exercicio12.m4a */,
				6A1686E81BD4447A00585972 /* Exercicio11.m4a */,
				6A1686E91BD4447A00585972 /* Exercicio10.m4a */,
				6A1686EA1BD4447A00585972 /* Exercicio9.m4a */,
				6A1686EB1BD4447A00585972 /* Exercicio8.m4a */,
				6A1686EC1BD4447A00585972 /* Exercicio7.m4a */,
				6A1686ED1BD4447A00585972 /* Exercicio6.m4a */,
				6A1686EE1BD4447A00585972 /* Exercicio5.m4a */,
			);
			name = Audios;
			sourceTree = "<group>";
		};
		6AC1343E1B9618F900E6F6C6 /* Exercicio */ = {
			isa = PBXGroup;
			children = (
				6AC1343A1B9618AF00E6F6C6 /* exercicios.json */,
				6AC1343C1B9618F100E6F6C6 /* ExercicioJSON.swift */,
			);
			name = Exercicio;
			sourceTree = "<group>";
		};
		6AFE66311BED03A200D2910E /* View */ = {
			isa = PBXGroup;
			children = (
				6AFE66321BED03BE00D2910E /* Teclado.swift */,
				6AFE66341BED049900D2910E /* Tecla.swift */,
				6AFE66361BED04AE00D2910E /* EstiloTeclado.swift */,
			);
			name = View;
			path = ..;
			sourceTree = "<group>";
		};
/* End PBXGroup section */

/* Begin PBXNativeTarget section */
		6A541A7A1B823DE10066B36C /* AppFinal */ = {
			isa = PBXNativeTarget;
			buildConfigurationList = 6A541A9E1B823DE10066B36C /* Build configuration list for PBXNativeTarget "AppFinal" */;
			buildPhases = (
				6A541A771B823DE10066B36C /* Sources */,
				6A541A781B823DE10066B36C /* Frameworks */,
				6A541A791B823DE10066B36C /* Resources */,
			);
			buildRules = (
			);
			dependencies = (
			);
			name = AppFinal;
			productName = AppFinal;
			productReference = 6A541A7B1B823DE10066B36C /* AppFinal.app */;
			productType = "com.apple.product-type.application";
		};
		6A541A931B823DE10066B36C /* AppFinalTests */ = {
			isa = PBXNativeTarget;
			buildConfigurationList = 6A541AA11B823DE10066B36C /* Build configuration list for PBXNativeTarget "AppFinalTests" */;
			buildPhases = (
				6A541A901B823DE10066B36C /* Sources */,
				6A541A911B823DE10066B36C /* Frameworks */,
				6A541A921B823DE10066B36C /* Resources */,
			);
			buildRules = (
			);
			dependencies = (
				6A541A961B823DE10066B36C /* PBXTargetDependency */,
			);
			name = AppFinalTests;
			productName = AppFinalTests;
			productReference = 6A541A941B823DE10066B36C /* AppFinalTests.xctest */;
			productType = "com.apple.product-type.bundle.unit-test";
		};
/* End PBXNativeTarget section */

/* Begin PBXProject section */
		6A541A731B823DE10066B36C /* Project object */ = {
			isa = PBXProject;
			attributes = {
				LastSwiftMigration = 0700;
				LastSwiftUpdateCheck = 0700;
				LastUpgradeCheck = 0700;
				ORGANIZATIONNAME = "Patricia de Abreu";
				TargetAttributes = {
					6A541A7A1B823DE10066B36C = {
						CreatedOnToolsVersion = 6.4;
						DevelopmentTeam = 9CR59M86PD;
					};
					6A541A931B823DE10066B36C = {
						CreatedOnToolsVersion = 6.4;
						TestTargetID = 6A541A7A1B823DE10066B36C;
					};
				};
			};
			buildConfigurationList = 6A541A761B823DE10066B36C /* Build configuration list for PBXProject "AppFinal" */;
			compatibilityVersion = "Xcode 3.2";
			developmentRegion = English;
			hasScannedForEncodings = 0;
			knownRegions = (
				en,
				Base,
			);
			mainGroup = 6A541A721B823DE10066B36C;
			productRefGroup = 6A541A7C1B823DE10066B36C /* Products */;
			projectDirPath = "";
			projectRoot = "";
			targets = (
				6A541A7A1B823DE10066B36C /* AppFinal */,
				6A541A931B823DE10066B36C /* AppFinalTests */,
			);
		};
/* End PBXProject section */

/* Begin PBXResourcesBuildPhase section */
		6A541A791B823DE10066B36C /* Resources */ = {
			isa = PBXResourcesBuildPhase;
			buildActionMask = 2147483647;
			files = (
				6A1686EF1BD4447B00585972 /* Exercicio19.m4a in Resources */,
				6A1686F01BD4447B00585972 /* Exercicio18.m4a in Resources */,
				6A1686F11BD4447B00585972 /* Exercicio17.m4a in Resources */,
				6A1686F21BD4447B00585972 /* Exercicio16.m4a in Resources */,
				6A1686F31BD4447B00585972 /* Exercicio15.m4a in Resources */,
				6A1686F41BD4447B00585972 /* Exercicio14.m4a in Resources */,
				6A1686F51BD4447B00585972 /* Exercicio13.m4a in Resources */,
				6A08E4A71BF638D100F7A287 /* Comemoracao.sks in Resources */,
				6A1686F61BD4447B00585972 /* Exercicio12.m4a in Resources */,
				6A1686F71BD4447B00585972 /* Exercicio11.m4a in Resources */,
				6A1686F81BD4447B00585972 /* Exercicio10.m4a in Resources */,
				6A1686F91BD4447B00585972 /* Exercicio9.m4a in Resources */,
				6A1686FA1BD4447B00585972 /* Exercicio8.m4a in Resources */,
				6A1686FB1BD4447B00585972 /* Exercicio7.m4a in Resources */,
				6A1686FC1BD4447B00585972 /* Exercicio6.m4a in Resources */,
				6A1686FD1BD4447B00585972 /* Exercicio5.m4a in Resources */,
				6A1686DB1BC716E400585972 /* video5.mp4 in Resources */,
				6A1686DC1BC716E400585972 /* video4.mp4 in Resources */,
				6A1686DD1BC716E400585972 /* video3.mp4 in Resources */,
				6A1686DE1BC716E400585972 /* video2.mp4 in Resources */,
				6A1686DF1BC716E400585972 /* video1.mp4 in Resources */,
				6AEB427B1BAC74200034FA31 /* Menu.m4a in Resources */,
				6A48C07F1BF6332300600DF4 /* spark.png in Resources */,
				6A6D69481B9F61EE00A5BAD8 /* Exercicio4.m4a in Resources */,
				6A6D69461B9F60D000A5BAD8 /* Exercicio3.m4a in Resources */,
				6AA4D4B71B98982100CC7C19 /* Exercicio2.m4a in Resources */,
				6AFE662A1BEB838C00D2910E /* Assets.xcassets in Resources */,
				6AC1343B1B9618AF00E6F6C6 /* exercicios.json in Resources */,
				6AC134391B96177F00E6F6C6 /* Exercicio1.m4a in Resources */,
				6AC134371B96175C00E6F6C6 /* teste.m4v in Resources */,
				6A541A8F1B823DE10066B36C /* LaunchScreen.xib in Resources */,
				6A541A831B823DE10066B36C /* GameScene.sks in Resources */,
				6A541A8A1B823DE10066B36C /* Main.storyboard in Resources */,
			);
			runOnlyForDeploymentPostprocessing = 0;
		};
		6A541A921B823DE10066B36C /* Resources */ = {
			isa = PBXResourcesBuildPhase;
			buildActionMask = 2147483647;
			files = (
			);
			runOnlyForDeploymentPostprocessing = 0;
		};
/* End PBXResourcesBuildPhase section */

/* Begin PBXSourcesBuildPhase section */
		6A541A771B823DE10066B36C /* Sources */ = {
			isa = PBXSourcesBuildPhase;
			buildActionMask = 2147483647;
			files = (
				6AAAB9B51C08B66E0017BFB4 /* MenuJogo2.swift in Sources */,
				6AAAB9B71C08B67E0017BFB4 /* MenuJogo3.swift in Sources */,
				6AAAB9BA1C08B68F0017BFB4 /* MenuJogo4.swift in Sources */,
				6A541A851B823DE10066B36C /* GameScene.swift in Sources */,
				6A541A871B823DE10066B36C /* GameViewController.swift in Sources */,
				6A541AA51B82564F0066B36C /* GameSceneEsconde.swift in Sources */,
				6AFE66331BED03BE00D2910E /* Teclado.swift in Sources */,
				6A541AB01B8275020066B36C /* GameScenePatinho.swift in Sources */,
				6AFE66371BED04AE00D2910E /* EstiloTeclado.swift in Sources */,
				6AC1343D1B9618F100E6F6C6 /* ExercicioJSON.swift in Sources */,
				6AC1342D1B8F4CBA00E6F6C6 /* Numero.swift in Sources */,
				6A1686CB1BC1C03900585972 /* Bolas.swift in Sources */,
				6A7D251F1BAA0FF800C094BF /* PersonagemMenu.swift in Sources */,
				6AFE66351BED049900D2910E /* Tecla.swift in Sources */,
				6A541AAB1B82738E0066B36C /* MenuJogo1.swift in Sources */,
				6AEB427D1BAF0C500034FA31 /* Vegetais.swift in Sources */,
				6A541A811B823DE10066B36C /* AppDelegate.swift in Sources */,
			);
			runOnlyForDeploymentPostprocessing = 0;
		};
		6A541A901B823DE10066B36C /* Sources */ = {
			isa = PBXSourcesBuildPhase;
			buildActionMask = 2147483647;
			files = (
				6A541A9B1B823DE10066B36C /* AppFinalTests.swift in Sources */,
			);
			runOnlyForDeploymentPostprocessing = 0;
		};
/* End PBXSourcesBuildPhase section */

/* Begin PBXTargetDependency section */
		6A541A961B823DE10066B36C /* PBXTargetDependency */ = {
			isa = PBXTargetDependency;
			target = 6A541A7A1B823DE10066B36C /* AppFinal */;
			targetProxy = 6A541A951B823DE10066B36C /* PBXContainerItemProxy */;
		};
/* End PBXTargetDependency section */

/* Begin PBXVariantGroup section */
		6A541A881B823DE10066B36C /* Main.storyboard */ = {
			isa = PBXVariantGroup;
			children = (
				6A541A891B823DE10066B36C /* Base */,
			);
			name = Main.storyboard;
			sourceTree = "<group>";
		};
		6A541A8D1B823DE10066B36C /* LaunchScreen.xib */ = {
			isa = PBXVariantGroup;
			children = (
				6A541A8E1B823DE10066B36C /* Base */,
			);
			name = LaunchScreen.xib;
			sourceTree = "<group>";
		};
/* End PBXVariantGroup section */

/* Begin XCBuildConfiguration section */
		6A541A9C1B823DE10066B36C /* Debug */ = {
			isa = XCBuildConfiguration;
			buildSettings = {
				ALWAYS_SEARCH_USER_PATHS = NO;
				CLANG_CXX_LANGUAGE_STANDARD = "gnu++0x";
				CLANG_CXX_LIBRARY = "libc++";
				CLANG_ENABLE_MODULES = YES;
				CLANG_ENABLE_OBJC_ARC = YES;
				CLANG_WARN_BOOL_CONVERSION = YES;
				CLANG_WARN_CONSTANT_CONVERSION = YES;
				CLANG_WARN_DIRECT_OBJC_ISA_USAGE = YES_ERROR;
				CLANG_WARN_EMPTY_BODY = YES;
				CLANG_WARN_ENUM_CONVERSION = YES;
				CLANG_WARN_INT_CONVERSION = YES;
				CLANG_WARN_OBJC_ROOT_CLASS = YES_ERROR;
				CLANG_WARN_UNREACHABLE_CODE = YES;
				CLANG_WARN__DUPLICATE_METHOD_MATCH = YES;
				"CODE_SIGN_IDENTITY[sdk=iphoneos*]" = "iPhone Developer";
				COPY_PHASE_STRIP = NO;
				DEBUG_INFORMATION_FORMAT = "dwarf-with-dsym";
				ENABLE_STRICT_OBJC_MSGSEND = YES;
				ENABLE_TESTABILITY = YES;
				GCC_C_LANGUAGE_STANDARD = gnu99;
				GCC_DYNAMIC_NO_PIC = NO;
				GCC_NO_COMMON_BLOCKS = YES;
				GCC_OPTIMIZATION_LEVEL = 0;
				GCC_PREPROCESSOR_DEFINITIONS = (
					"DEBUG=1",
					"$(inherited)",
				);
				GCC_SYMBOLS_PRIVATE_EXTERN = NO;
				GCC_WARN_64_TO_32_BIT_CONVERSION = YES;
				GCC_WARN_ABOUT_RETURN_TYPE = YES_ERROR;
				GCC_WARN_UNDECLARED_SELECTOR = YES;
				GCC_WARN_UNINITIALIZED_AUTOS = YES_AGGRESSIVE;
				GCC_WARN_UNUSED_FUNCTION = YES;
				GCC_WARN_UNUSED_VARIABLE = YES;
				IPHONEOS_DEPLOYMENT_TARGET = 8.4;
				MTL_ENABLE_DEBUG_INFO = YES;
				ONLY_ACTIVE_ARCH = YES;
				SDKROOT = iphoneos;
				SWIFT_OPTIMIZATION_LEVEL = "-Onone";
				TARGETED_DEVICE_FAMILY = 2;
			};
			name = Debug;
		};
		6A541A9D1B823DE10066B36C /* Release */ = {
			isa = XCBuildConfiguration;
			buildSettings = {
				ALWAYS_SEARCH_USER_PATHS = NO;
				CLANG_CXX_LANGUAGE_STANDARD = "gnu++0x";
				CLANG_CXX_LIBRARY = "libc++";
				CLANG_ENABLE_MODULES = YES;
				CLANG_ENABLE_OBJC_ARC = YES;
				CLANG_WARN_BOOL_CONVERSION = YES;
				CLANG_WARN_CONSTANT_CONVERSION = YES;
				CLANG_WARN_DIRECT_OBJC_ISA_USAGE = YES_ERROR;
				CLANG_WARN_EMPTY_BODY = YES;
				CLANG_WARN_ENUM_CONVERSION = YES;
				CLANG_WARN_INT_CONVERSION = YES;
				CLANG_WARN_OBJC_ROOT_CLASS = YES_ERROR;
				CLANG_WARN_UNREACHABLE_CODE = YES;
				CLANG_WARN__DUPLICATE_METHOD_MATCH = YES;
				"CODE_SIGN_IDENTITY[sdk=iphoneos*]" = "iPhone Developer";
				COPY_PHASE_STRIP = NO;
				DEBUG_INFORMATION_FORMAT = "dwarf-with-dsym";
				ENABLE_NS_ASSERTIONS = NO;
				ENABLE_STRICT_OBJC_MSGSEND = YES;
				GCC_C_LANGUAGE_STANDARD = gnu99;
				GCC_NO_COMMON_BLOCKS = YES;
				GCC_WARN_64_TO_32_BIT_CONVERSION = YES;
				GCC_WARN_ABOUT_RETURN_TYPE = YES_ERROR;
				GCC_WARN_UNDECLARED_SELECTOR = YES;
				GCC_WARN_UNINITIALIZED_AUTOS = YES_AGGRESSIVE;
				GCC_WARN_UNUSED_FUNCTION = YES;
				GCC_WARN_UNUSED_VARIABLE = YES;
				IPHONEOS_DEPLOYMENT_TARGET = 8.4;
				MTL_ENABLE_DEBUG_INFO = NO;
				SDKROOT = iphoneos;
				TARGETED_DEVICE_FAMILY = 2;
				VALIDATE_PRODUCT = YES;
			};
			name = Release;
		};
		6A541A9F1B823DE10066B36C /* Debug */ = {
			isa = XCBuildConfiguration;
			buildSettings = {
				ASSETCATALOG_COMPILER_APPICON_NAME = AppIcon;
				CLANG_ENABLE_MODULES = YES;
				CODE_SIGN_IDENTITY = "iPhone Developer";
				INFOPLIST_FILE = AppFinal/Info.plist;
				LD_RUNPATH_SEARCH_PATHS = "$(inherited) @executable_path/Frameworks";
				PRODUCT_BUNDLE_IDENTIFIER = DeafMath;
				PRODUCT_NAME = "$(TARGET_NAME)";
				SWIFT_OBJC_BRIDGING_HEADER = "AppFinal-Bridging-Header.h";
				SWIFT_OPTIMIZATION_LEVEL = "-Onone";
				TARGETED_DEVICE_FAMILY = 2;
			};
			name = Debug;
		};
		6A541AA01B823DE10066B36C /* Release */ = {
			isa = XCBuildConfiguration;
			buildSettings = {
				ASSETCATALOG_COMPILER_APPICON_NAME = AppIcon;
				CLANG_ENABLE_MODULES = YES;
				CODE_SIGN_IDENTITY = "iPhone Developer";
				INFOPLIST_FILE = AppFinal/Info.plist;
				LD_RUNPATH_SEARCH_PATHS = "$(inherited) @executable_path/Frameworks";
				PRODUCT_BUNDLE_IDENTIFIER = DeafMath;
				PRODUCT_NAME = "$(TARGET_NAME)";
				SWIFT_OBJC_BRIDGING_HEADER = "AppFinal-Bridging-Header.h";
				TARGETED_DEVICE_FAMILY = 2;
			};
			name = Release;
		};
		6A541AA21B823DE10066B36C /* Debug */ = {
			isa = XCBuildConfiguration;
			buildSettings = {
				BUNDLE_LOADER = "$(TEST_HOST)";
				FRAMEWORK_SEARCH_PATHS = (
					"$(SDKROOT)/Developer/Library/Frameworks",
					"$(inherited)",
				);
				GCC_PREPROCESSOR_DEFINITIONS = (
					"DEBUG=1",
					"$(inherited)",
				);
				INFOPLIST_FILE = AppFinalTests/Info.plist;
				LD_RUNPATH_SEARCH_PATHS = "$(inherited) @executable_path/Frameworks @loader_path/Frameworks";
				PRODUCT_BUNDLE_IDENTIFIER = "com.br.so.c.$(PRODUCT_NAME:rfc1034identifier)";
				PRODUCT_NAME = "$(TARGET_NAME)";
				TEST_HOST = "$(BUILT_PRODUCTS_DIR)/AppFinal.app/AppFinal";
			};
			name = Debug;
		};
		6A541AA31B823DE10066B36C /* Release */ = {
			isa = XCBuildConfiguration;
			buildSettings = {
				BUNDLE_LOADER = "$(TEST_HOST)";
				FRAMEWORK_SEARCH_PATHS = (
					"$(SDKROOT)/Developer/Library/Frameworks",
					"$(inherited)",
				);
				INFOPLIST_FILE = AppFinalTests/Info.plist;
				LD_RUNPATH_SEARCH_PATHS = "$(inherited) @executable_path/Frameworks @loader_path/Frameworks";
				PRODUCT_BUNDLE_IDENTIFIER = "com.br.so.c.$(PRODUCT_NAME:rfc1034identifier)";
				PRODUCT_NAME = "$(TARGET_NAME)";
				TEST_HOST = "$(BUILT_PRODUCTS_DIR)/AppFinal.app/AppFinal";
			};
			name = Release;
		};
/* End XCBuildConfiguration section */

/* Begin XCConfigurationList section */
		6A541A761B823DE10066B36C /* Build configuration list for PBXProject "AppFinal" */ = {
			isa = XCConfigurationList;
			buildConfigurations = (
				6A541A9C1B823DE10066B36C /* Debug */,
				6A541A9D1B823DE10066B36C /* Release */,
			);
			defaultConfigurationIsVisible = 0;
			defaultConfigurationName = Release;
		};
		6A541A9E1B823DE10066B36C /* Build configuration list for PBXNativeTarget "AppFinal" */ = {
			isa = XCConfigurationList;
			buildConfigurations = (
				6A541A9F1B823DE10066B36C /* Debug */,
				6A541AA01B823DE10066B36C /* Release */,
			);
			defaultConfigurationIsVisible = 0;
			defaultConfigurationName = Release;
		};
		6A541AA11B823DE10066B36C /* Build configuration list for PBXNativeTarget "AppFinalTests" */ = {
			isa = XCConfigurationList;
			buildConfigurations = (
				6A541AA21B823DE10066B36C /* Debug */,
				6A541AA31B823DE10066B36C /* Release */,
			);
			defaultConfigurationIsVisible = 0;
			defaultConfigurationName = Release;
		};
/* End XCConfigurationList section */
	};
	rootObject = 6A541A731B823DE10066B36C /* Project object */;
}
